
Microsoft Visual Studio Solution File, Format Version 12.00
# Visual Studio Version 17
VisualStudioVersion = 17.0.31903.59
MinimumVisualStudioVersion = 10.0.40219.1
Project("{FAE04EC0-301F-11D3-BF4B-00C04F79EFBC}") = "McpManager.Web.Portal", "src\McpManager.Web.Portal\McpManager.Web.Portal.csproj", "{C5DF9A0F-A80F-4311-BCC3-095982371C09}"
EndProject
Project("{FAE04EC0-301F-11D3-BF4B-00C04F79EFBC}") = "McpManager.Core.Data", "src\McpManager.Core.Data\McpManager.Core.Data.csproj", "{9B2C0282-73F5-4822-B5B3-E3550B09DA79}"
EndProject
Project("{FAE04EC0-301F-11D3-BF4B-00C04F79EFBC}") = "McpManager.Core.Identity", "src\McpManager.Core.Identity\McpManager.Core.Identity.csproj", "{E9F47064-8C5A-43AC-B6C4-F6625A0FA385}"
EndProject
Project("{FAE04EC0-301F-11D3-BF4B-00C04F79EFBC}") = "McpManager.Core.Repositories", "src\McpManager.Core.Repositories\McpManager.Core.Repositories.csproj", "{51870182-E871-433B-A642-FA52D6BE9080}"
EndProject
Project("{2150E333-8FDC-42A3-9474-1A3956D46DE8}") = "Core", "Core", "{FDB73BA1-C842-4ED9-ACBE-0FF9DF3EBCBE}"
EndProject
Project("{2150E333-8FDC-42A3-9474-1A3956D46DE8}") = "Web", "Web", "{0E759D46-CA2D-441A-AAFC-9C1B0A8F3F25}"
EndProject
Project("{FAE04EC0-301F-11D3-BF4B-00C04F79EFBC}") = "McpManager.Core.Mcp", "src\McpManager.Core.Mcp\McpManager.Core.Mcp.csproj", "{03443972-CFBE-4A7F-A013-C8A0FDC54449}"
EndProject
Project("{2150E333-8FDC-42A3-9474-1A3956D46DE8}") = "Tests", "Tests", "{0AB3BF05-4346-4AA6-1389-037BE0695223}"
EndProject
Project("{FAE04EC0-301F-11D3-BF4B-00C04F79EFBC}") = "McpManager.UnitTests", "tests\McpManager.UnitTests\McpManager.UnitTests.csproj", "{2F0728FE-B56C-4C67-9EB2-7AC259895A98}"
EndProject
Project("{FAE04EC0-301F-11D3-BF4B-00C04F79EFBC}") = "McpManager.IntegrationTests", "tests\McpManager.IntegrationTests\McpManager.IntegrationTests.csproj", "{8F89DE98-3FA6-4B23-A503-F6F8C6A1D42A}"
EndProject
Project("{FAE04EC0-301F-11D3-BF4B-00C04F79EFBC}") = "McpManager.TestStdioServer", "tests\McpManager.TestStdioServer\McpManager.TestStdioServer.csproj", "{E55CD7BB-E4F6-4AB1-A1A7-3CEC3CC1E294}"
EndProject
Project("{FAE04EC0-301F-11D3-BF4B-00C04F79EFBC}") = "McpManager.FunctionalTests", "tests\McpManager.FunctionalTests\McpManager.FunctionalTests.csproj", "{F46F9927-2FA2-41F3-B978-703858C4F375}"
EndProject
Project("{2150E333-8FDC-42A3-9474-1A3956D46DE8}") = "src", "src", "{827E0CD3-B72D-47B6-A68D-7590B98EB39B}"
EndProject
Global
	GlobalSection(SolutionConfigurationPlatforms) = preSolution
		Debug|Any CPU = Debug|Any CPU
		Debug|x64 = Debug|x64
		Debug|x86 = Debug|x86
		Release|Any CPU = Release|Any CPU
		Release|x64 = Release|x64
		Release|x86 = Release|x86
	EndGlobalSection
	GlobalSection(ProjectConfigurationPlatforms) = postSolution
		{C5DF9A0F-A80F-4311-BCC3-095982371C09}.Debug|Any CPU.ActiveCfg = Debug|Any CPU
		{C5DF9A0F-A80F-4311-BCC3-095982371C09}.Debug|Any CPU.Build.0 = Debug|Any CPU
		{C5DF9A0F-A80F-4311-BCC3-095982371C09}.Debug|x64.ActiveCfg = Debug|Any CPU
		{C5DF9A0F-A80F-4311-BCC3-095982371C09}.Debug|x64.Build.0 = Debug|Any CPU
		{C5DF9A0F-A80F-4311-BCC3-095982371C09}.Debug|x86.ActiveCfg = Debug|Any CPU
		{C5DF9A0F-A80F-4311-BCC3-095982371C09}.Debug|x86.Build.0 = Debug|Any CPU
		{C5DF9A0F-A80F-4311-BCC3-095982371C09}.Release|Any CPU.ActiveCfg = Release|Any CPU
		{C5DF9A0F-A80F-4311-BCC3-095982371C09}.Release|Any CPU.Build.0 = Release|Any CPU
		{C5DF9A0F-A80F-4311-BCC3-095982371C09}.Release|x64.ActiveCfg = Release|Any CPU
		{C5DF9A0F-A80F-4311-BCC3-095982371C09}.Release|x64.Build.0 = Release|Any CPU
		{C5DF9A0F-A80F-4311-BCC3-095982371C09}.Release|x86.ActiveCfg = Release|Any CPU
		{C5DF9A0F-A80F-4311-BCC3-095982371C09}.Release|x86.Build.0 = Release|Any CPU
		{9B2C0282-73F5-4822-B5B3-E3550B09DA79}.Debug|Any CPU.ActiveCfg = Debug|Any CPU
		{9B2C0282-73F5-4822-B5B3-E3550B09DA79}.Debug|Any CPU.Build.0 = Debug|Any CPU
		{9B2C0282-73F5-4822-B5B3-E3550B09DA79}.Debug|x64.ActiveCfg = Debug|Any CPU
		{9B2C0282-73F5-4822-B5B3-E3550B09DA79}.Debug|x64.Build.0 = Debug|Any CPU
		{9B2C0282-73F5-4822-B5B3-E3550B09DA79}.Debug|x86.ActiveCfg = Debug|Any CPU
		{9B2C0282-73F5-4822-B5B3-E3550B09DA79}.Debug|x86.Build.0 = Debug|Any CPU
		{9B2C0282-73F5-4822-B5B3-E3550B09DA79}.Release|Any CPU.ActiveCfg = Release|Any CPU
		{9B2C0282-73F5-4822-B5B3-E3550B09DA79}.Release|Any CPU.Build.0 = Release|Any CPU
		{9B2C0282-73F5-4822-B5B3-E3550B09DA79}.Release|x64.ActiveCfg = Release|Any CPU
		{9B2C0282-73F5-4822-B5B3-E3550B09DA79}.Release|x64.Build.0 = Release|Any CPU
		{9B2C0282-73F5-4822-B5B3-E3550B09DA79}.Release|x86.ActiveCfg = Release|Any CPU
		{9B2C0282-73F5-4822-B5B3-E3550B09DA79}.Release|x86.Build.0 = Release|Any CPU
		{E9F47064-8C5A-43AC-B6C4-F6625A0FA385}.Debug|Any CPU.ActiveCfg = Debug|Any CPU
		{E9F47064-8C5A-43AC-B6C4-F6625A0FA385}.Debug|Any CPU.Build.0 = Debug|Any CPU
		{E9F47064-8C5A-43AC-B6C4-F6625A0FA385}.Debug|x64.ActiveCfg = Debug|Any CPU
		{E9F47064-8C5A-43AC-B6C4-F6625A0FA385}.Debug|x64.Build.0 = Debug|Any CPU
		{E9F47064-8C5A-43AC-B6C4-F6625A0FA385}.Debug|x86.ActiveCfg = Debug|Any CPU
		{E9F47064-8C5A-43AC-B6C4-F6625A0FA385}.Debug|x86.Build.0 = Debug|Any CPU
		{E9F47064-8C5A-43AC-B6C4-F6625A0FA385}.Release|Any CPU.ActiveCfg = Release|Any CPU
		{E9F47064-8C5A-43AC-B6C4-F6625A0FA385}.Release|Any CPU.Build.0 = Release|Any CPU
		{E9F47064-8C5A-43AC-B6C4-F6625A0FA385}.Release|x64.ActiveCfg = Release|Any CPU
		{E9F47064-8C5A-43AC-B6C4-F6625A0FA385}.Release|x64.Build.0 = Release|Any CPU
		{E9F47064-8C5A-43AC-B6C4-F6625A0FA385}.Release|x86.ActiveCfg = Release|Any CPU
		{E9F47064-8C5A-43AC-B6C4-F6625A0FA385}.Release|x86.Build.0 = Release|Any CPU
		{51870182-E871-433B-A642-FA52D6BE9080}.Debug|Any CPU.ActiveCfg = Debug|Any CPU
		{51870182-E871-433B-A642-FA52D6BE9080}.Debug|Any CPU.Build.0 = Debug|Any CPU
		{51870182-E871-433B-A642-FA52D6BE9080}.Debug|x64.ActiveCfg = Debug|Any CPU
		{51870182-E871-433B-A642-FA52D6BE9080}.Debug|x64.Build.0 = Debug|Any CPU
		{51870182-E871-433B-A642-FA52D6BE9080}.Debug|x86.ActiveCfg = Debug|Any CPU
		{51870182-E871-433B-A642-FA52D6BE9080}.Debug|x86.Build.0 = Debug|Any CPU
		{51870182-E871-433B-A642-FA52D6BE9080}.Release|Any CPU.ActiveCfg = Release|Any CPU
		{51870182-E871-433B-A642-FA52D6BE9080}.Release|Any CPU.Build.0 = Release|Any CPU
		{51870182-E871-433B-A642-FA52D6BE9080}.Release|x64.ActiveCfg = Release|Any CPU
		{51870182-E871-433B-A642-FA52D6BE9080}.Release|x64.Build.0 = Release|Any CPU
		{51870182-E871-433B-A642-FA52D6BE9080}.Release|x86.ActiveCfg = Release|Any CPU
		{51870182-E871-433B-A642-FA52D6BE9080}.Release|x86.Build.0 = Release|Any CPU
		{03443972-CFBE-4A7F-A013-C8A0FDC54449}.Debug|Any CPU.ActiveCfg = Debug|Any CPU
		{03443972-CFBE-4A7F-A013-C8A0FDC54449}.Debug|Any CPU.Build.0 = Debug|Any CPU
		{03443972-CFBE-4A7F-A013-C8A0FDC54449}.Debug|x64.ActiveCfg = Debug|Any CPU
		{03443972-CFBE-4A7F-A013-C8A0FDC54449}.Debug|x64.Build.0 = Debug|Any CPU
		{03443972-CFBE-4A7F-A013-C8A0FDC54449}.Debug|x86.ActiveCfg = Debug|Any CPU
		{03443972-CFBE-4A7F-A013-C8A0FDC54449}.Debug|x86.Build.0 = Debug|Any CPU
		{03443972-CFBE-4A7F-A013-C8A0FDC54449}.Release|Any CPU.ActiveCfg = Release|Any CPU
		{03443972-CFBE-4A7F-A013-C8A0FDC54449}.Release|Any CPU.Build.0 = Release|Any CPU
		{03443972-CFBE-4A7F-A013-C8A0FDC54449}.Release|x64.ActiveCfg = Release|Any CPU
		{03443972-CFBE-4A7F-A013-C8A0FDC54449}.Release|x64.Build.0 = Release|Any CPU
		{03443972-CFBE-4A7F-A013-C8A0FDC54449}.Release|x86.ActiveCfg = Release|Any CPU
		{03443972-CFBE-4A7F-A013-C8A0FDC54449}.Release|x86.Build.0 = Release|Any CPU
		{2F0728FE-B56C-4C67-9EB2-7AC259895A98}.Debug|Any CPU.ActiveCfg = Debug|Any CPU
		{2F0728FE-B56C-4C67-9EB2-7AC259895A98}.Debug|Any CPU.Build.0 = Debug|Any CPU
		{2F0728FE-B56C-4C67-9EB2-7AC259895A98}.Debug|x64.ActiveCfg = Debug|Any CPU
		{2F0728FE-B56C-4C67-9EB2-7AC259895A98}.Debug|x64.Build.0 = Debug|Any CPU
		{2F0728FE-B56C-4C67-9EB2-7AC259895A98}.Debug|x86.ActiveCfg = Debug|Any CPU
		{2F0728FE-B56C-4C67-9EB2-7AC259895A98}.Debug|x86.Build.0 = Debug|Any CPU
		{2F0728FE-B56C-4C67-9EB2-7AC259895A98}.Release|Any CPU.ActiveCfg = Release|Any CPU
		{2F0728FE-B56C-4C67-9EB2-7AC259895A98}.Release|Any CPU.Build.0 = Release|Any CPU
		{2F0728FE-B56C-4C67-9EB2-7AC259895A98}.Release|x64.ActiveCfg = Release|Any CPU
		{2F0728FE-B56C-4C67-9EB2-7AC259895A98}.Release|x64.Build.0 = Release|Any CPU
		{2F0728FE-B56C-4C67-9EB2-7AC259895A98}.Release|x86.ActiveCfg = Release|Any CPU
		{2F0728FE-B56C-4C67-9EB2-7AC259895A98}.Release|x86.Build.0 = Release|Any CPU
		{8F89DE98-3FA6-4B23-A503-F6F8C6A1D42A}.Debug|Any CPU.ActiveCfg = Debug|Any CPU
		{8F89DE98-3FA6-4B23-A503-F6F8C6A1D42A}.Debug|Any CPU.Build.0 = Debug|Any CPU
		{8F89DE98-3FA6-4B23-A503-F6F8C6A1D42A}.Debug|x64.ActiveCfg = Debug|Any CPU
		{8F89DE98-3FA6-4B23-A503-F6F8C6A1D42A}.Debug|x64.Build.0 = Debug|Any CPU
		{8F89DE98-3FA6-4B23-A503-F6F8C6A1D42A}.Debug|x86.ActiveCfg = Debug|Any CPU
		{8F89DE98-3FA6-4B23-A503-F6F8C6A1D42A}.Debug|x86.Build.0 = Debug|Any CPU
		{8F89DE98-3FA6-4B23-A503-F6F8C6A1D42A}.Release|Any CPU.ActiveCfg = Release|Any CPU
		{8F89DE98-3FA6-4B23-A503-F6F8C6A1D42A}.Release|Any CPU.Build.0 = Release|Any CPU
		{8F89DE98-3FA6-4B23-A503-F6F8C6A1D42A}.Release|x64.ActiveCfg = Release|Any CPU
		{8F89DE98-3FA6-4B23-A503-F6F8C6A1D42A}.Release|x64.Build.0 = Release|Any CPU
		{8F89DE98-3FA6-4B23-A503-F6F8C6A1D42A}.Release|x86.ActiveCfg = Release|Any CPU
		{8F89DE98-3FA6-4B23-A503-F6F8C6A1D42A}.Release|x86.Build.0 = Release|Any CPU
		{E55CD7BB-E4F6-4AB1-A1A7-3CEC3CC1E294}.Debug|Any CPU.ActiveCfg = Debug|Any CPU
		{E55CD7BB-E4F6-4AB1-A1A7-3CEC3CC1E294}.Debug|Any CPU.Build.0 = Debug|Any CPU
		{E55CD7BB-E4F6-4AB1-A1A7-3CEC3CC1E294}.Debug|x64.ActiveCfg = Debug|Any CPU
		{E55CD7BB-E4F6-4AB1-A1A7-3CEC3CC1E294}.Debug|x64.Build.0 = Debug|Any CPU
		{E55CD7BB-E4F6-4AB1-A1A7-3CEC3CC1E294}.Debug|x86.ActiveCfg = Debug|Any CPU
		{E55CD7BB-E4F6-4AB1-A1A7-3CEC3CC1E294}.Debug|x86.Build.0 = Debug|Any CPU
		{E55CD7BB-E4F6-4AB1-A1A7-3CEC3CC1E294}.Release|Any CPU.ActiveCfg = Release|Any CPU
		{E55CD7BB-E4F6-4AB1-A1A7-3CEC3CC1E294}.Release|Any CPU.Build.0 = Release|Any CPU
		{E55CD7BB-E4F6-4AB1-A1A7-3CEC3CC1E294}.Release|x64.ActiveCfg = Release|Any CPU
		{E55CD7BB-E4F6-4AB1-A1A7-3CEC3CC1E294}.Release|x64.Build.0 = Release|Any CPU
		{E55CD7BB-E4F6-4AB1-A1A7-3CEC3CC1E294}.Release|x86.ActiveCfg = Release|Any CPU
		{E55CD7BB-E4F6-4AB1-A1A7-3CEC3CC1E294}.Release|x86.Build.0 = Release|Any CPU
		{F46F9927-2FA2-41F3-B978-703858C4F375}.Debug|Any CPU.ActiveCfg = Debug|Any CPU
		{F46F9927-2FA2-41F3-B978-703858C4F375}.Debug|Any CPU.Build.0 = Debug|Any CPU
		{F46F9927-2FA2-41F3-B978-703858C4F375}.Debug|x64.ActiveCfg = Debug|Any CPU
		{F46F9927-2FA2-41F3-B978-703858C4F375}.Debug|x64.Build.0 = Debug|Any CPU
		{F46F9927-2FA2-41F3-B978-703858C4F375}.Debug|x86.ActiveCfg = Debug|Any CPU
		{F46F9927-2FA2-41F3-B978-703858C4F375}.Debug|x86.Build.0 = Debug|Any CPU
		{F46F9927-2FA2-41F3-B978-703858C4F375}.Release|Any CPU.ActiveCfg = Release|Any CPU
		{F46F9927-2FA2-41F3-B978-703858C4F375}.Release|Any CPU.Build.0 = Release|Any CPU
		{F46F9927-2FA2-41F3-B978-703858C4F375}.Release|x64.ActiveCfg = Release|Any CPU
		{F46F9927-2FA2-41F3-B978-703858C4F375}.Release|x64.Build.0 = Release|Any CPU
		{F46F9927-2FA2-41F3-B978-703858C4F375}.Release|x86.ActiveCfg = Release|Any CPU
		{F46F9927-2FA2-41F3-B978-703858C4F375}.Release|x86.Build.0 = Release|Any CPU
	EndGlobalSection
	GlobalSection(SolutionProperties) = preSolution
		HideSolutionNode = FALSE
	EndGlobalSection
	GlobalSection(NestedProjects) = preSolution
		{C5DF9A0F-A80F-4311-BCC3-095982371C09} = {0E759D46-CA2D-441A-AAFC-9C1B0A8F3F25}
		{9B2C0282-73F5-4822-B5B3-E3550B09DA79} = {FDB73BA1-C842-4ED9-ACBE-0FF9DF3EBCBE}
		{E9F47064-8C5A-43AC-B6C4-F6625A0FA385} = {FDB73BA1-C842-4ED9-ACBE-0FF9DF3EBCBE}
		{51870182-E871-433B-A642-FA52D6BE9080} = {FDB73BA1-C842-4ED9-ACBE-0FF9DF3EBCBE}
		{03443972-CFBE-4A7F-A013-C8A0FDC54449} = {FDB73BA1-C842-4ED9-ACBE-0FF9DF3EBCBE}
		{2F0728FE-B56C-4C67-9EB2-7AC259895A98} = {0AB3BF05-4346-4AA6-1389-037BE0695223}
		{8F89DE98-3FA6-4B23-A503-F6F8C6A1D42A} = {0AB3BF05-4346-4AA6-1389-037BE0695223}
		{E55CD7BB-E4F6-4AB1-A1A7-3CEC3CC1E294} = {0AB3BF05-4346-4AA6-1389-037BE0695223}
		{F46F9927-2FA2-41F3-B978-703858C4F375} = {0AB3BF05-4346-4AA6-1389-037BE0695223}
	EndGlobalSection
EndGlobal
